
Microsoft Visual Studio Solution File, Format Version 12.00
# Visual Studio Version 16
VisualStudioVersion = 16.0.31729.503
MinimumVisualStudioVersion = 10.0.40219.1
Project("{FAE04EC0-301F-11D3-BF4B-00C04F79EFBC}") = "Bines1", "Bines1\Bines1.csproj", "{9154A737-AE19-49C3-AE7E-830EA671EF39}"
EndProject
Project("{54435603-DBB4-11D2-8724-00A0C9A8B90C}") = "Setup2", "Setup2\Setup2.vdproj", "{DB064F82-9994-49E9-8FD2-29D0F53E5D26}"
EndProject
Global
	GlobalSection(SolutionConfigurationPlatforms) = preSolution
		Debug|Any CPU = Debug|Any CPU
		Release|Any CPU = Release|Any CPU
	EndGlobalSection
	GlobalSection(ProjectConfigurationPlatforms) = postSolution
		{9154A737-AE19-49C3-AE7E-830EA671EF39}.Debug|Any CPU.ActiveCfg = Debug|Any CPU
		{9154A737-AE19-49C3-AE7E-830EA671EF39}.Debug|Any CPU.Build.0 = Debug|Any CPU
		{9154A737-AE19-49C3-AE7E-830EA671EF39}.Release|Any CPU.ActiveCfg = Release|Any CPU
		{9154A737-AE19-49C3-AE7E-830EA671EF39}.Release|Any CPU.Build.0 = Release|Any CPU
		{DB064F82-9994-49E9-8FD2-29D0F53E5D26}.Debug|Any CPU.ActiveCfg = Debug
		{DB064F82-9994-49E9-8FD2-29D0F53E5D26}.Release|Any CPU.ActiveCfg = Release
	EndGlobalSection
	GlobalSection(SolutionProperties) = preSolution
		HideSolutionNode = FALSE
	EndGlobalSection
	GlobalSection(ExtensibilityGlobals) = postSolution
		SolutionGuid = {A3670F11-5517-40D0-850A-17B3AFF747DF}
	EndGlobalSection
EndGlobal
